
Microsoft Visual Studio Solution File, Format Version 12.00
# Visual Studio Version 17
VisualStudioVersion = 17.8.34330.188
MinimumVisualStudioVersion = 10.0.40219.1
Project("{9A19103F-16F7-4668-BE54-9A1E7A4F7556}") = "UserController", "UserController.csproj", "{739ADCDA-BA04-439D-AE45-B03A558EE0FD}"
EndProject
Project("{FAE04EC0-301F-11D3-BF4B-00C04F79EFBC}") = "UserControllerTest", "..\UserControllerTest\UserControllerTest.csproj", "{761ADA03-89E9-48D7-B0F6-5B430455FAF2}"
EndProject
Global
	GlobalSection(SolutionConfigurationPlatforms) = preSolution
		Debug|Any CPU = Debug|Any CPU
		Release|Any CPU = Release|Any CPU
	EndGlobalSection
	GlobalSection(ProjectConfigurationPlatforms) = postSolution
		{739ADCDA-BA04-439D-AE45-B03A558EE0FD}.Debug|Any CPU.ActiveCfg = Debug|Any CPU
		{739ADCDA-BA04-439D-AE45-B03A558EE0FD}.Debug|Any CPU.Build.0 = Debug|Any CPU
		{739ADCDA-BA04-439D-AE45-B03A558EE0FD}.Release|Any CPU.ActiveCfg = Release|Any CPU
		{739ADCDA-BA04-439D-AE45-B03A558EE0FD}.Release|Any CPU.Build.0 = Release|Any CPU
		{761ADA03-89E9-48D7-B0F6-5B430455FAF2}.Debug|Any CPU.ActiveCfg = Debug|Any CPU
		{761ADA03-89E9-48D7-B0F6-5B430455FAF2}.Debug|Any CPU.Build.0 = Debug|Any CPU
		{761ADA03-89E9-48D7-B0F6-5B430455FAF2}.Release|Any CPU.ActiveCfg = Release|Any CPU
		{761ADA03-89E9-48D7-B0F6-5B430455FAF2}.Release|Any CPU.Build.0 = Release|Any CPU
	EndGlobalSection
	GlobalSection(SolutionProperties) = preSolution
		HideSolutionNode = FALSE
	EndGlobalSection
	GlobalSection(ExtensibilityGlobals) = postSolution
		SolutionGuid = {1ED0FEFB-49EA-493C-9E38-F6FB1E657282}
	EndGlobalSection
EndGlobal
