
Microsoft Visual Studio Solution File, Format Version 12.00
# Visual Studio Version 17
VisualStudioVersion = 17.8.34330.188
MinimumVisualStudioVersion = 10.0.40219.1
Project("{FAE04EC0-301F-11D3-BF4B-00C04F79EFBC}") = "FileHandling", "FileHandling.csproj", "{72A47877-F3A8-4E32-97BC-BFA08998ED0B}"
EndProject
Global
	GlobalSection(SolutionConfigurationPlatforms) = preSolution
		Debug|Any CPU = Debug|Any CPU
		Release|Any CPU = Release|Any CPU
	EndGlobalSection
	GlobalSection(ProjectConfigurationPlatforms) = postSolution
		{72A47877-F3A8-4E32-97BC-BFA08998ED0B}.Debug|Any CPU.ActiveCfg = Debug|Any CPU
		{72A47877-F3A8-4E32-97BC-BFA08998ED0B}.Debug|Any CPU.Build.0 = Debug|Any CPU
		{72A47877-F3A8-4E32-97BC-BFA08998ED0B}.Release|Any CPU.ActiveCfg = Release|Any CPU
		{72A47877-F3A8-4E32-97BC-BFA08998ED0B}.Release|Any CPU.Build.0 = Release|Any CPU
	EndGlobalSection
	GlobalSection(SolutionProperties) = preSolution
		HideSolutionNode = FALSE
	EndGlobalSection
	GlobalSection(ExtensibilityGlobals) = postSolution
		SolutionGuid = {739CA6E9-EC01-4D5F-B3A1-ED696A4E3C45}
	EndGlobalSection
EndGlobal
