
Microsoft Visual Studio Solution File, Format Version 12.00
# Visual Studio Version 17
VisualStudioVersion = 17.8.34330.188
MinimumVisualStudioVersion = 10.0.40219.1
Project("{FAE04EC0-301F-11D3-BF4B-00C04F79EFBC}") = "IdentityService", "IdentityService.csproj", "{B1087830-E3B2-495A-8603-AC5A8DD5BB78}"
EndProject
Global
	GlobalSection(SolutionConfigurationPlatforms) = preSolution
		Debug|Any CPU = Debug|Any CPU
		Release|Any CPU = Release|Any CPU
	EndGlobalSection
	GlobalSection(ProjectConfigurationPlatforms) = postSolution
		{B1087830-E3B2-495A-8603-AC5A8DD5BB78}.Debug|Any CPU.ActiveCfg = Debug|Any CPU
		{B1087830-E3B2-495A-8603-AC5A8DD5BB78}.Debug|Any CPU.Build.0 = Debug|Any CPU
		{B1087830-E3B2-495A-8603-AC5A8DD5BB78}.Release|Any CPU.ActiveCfg = Release|Any CPU
		{B1087830-E3B2-495A-8603-AC5A8DD5BB78}.Release|Any CPU.Build.0 = Release|Any CPU
	EndGlobalSection
	GlobalSection(SolutionProperties) = preSolution
		HideSolutionNode = FALSE
	EndGlobalSection
	GlobalSection(ExtensibilityGlobals) = postSolution
		SolutionGuid = {7D0FD767-6D9D-4CA1-8431-E838BD560454}
	EndGlobalSection
EndGlobal
