
Microsoft Visual Studio Solution File, Format Version 12.00
# Visual Studio Version 17
VisualStudioVersion = 17.8.34330.188
MinimumVisualStudioVersion = 10.0.40219.1
Project("{9A19103F-16F7-4668-BE54-9A1E7A4F7556}") = "TeacherWebApplication", "TeacherWebApplication\TeacherWebApplication.csproj", "{5FF035DE-915C-4A76-896D-9B05B88BEC6A}"
EndProject
Project("{FAE04EC0-301F-11D3-BF4B-00C04F79EFBC}") = "TeacherTest", "TeacherTest\TeacherTest.csproj", "{06FDEB5F-2D31-4926-B32F-6E4C1C577EEB}"
EndProject
Global
	GlobalSection(SolutionConfigurationPlatforms) = preSolution
		Debug|Any CPU = Debug|Any CPU
		Release|Any CPU = Release|Any CPU
	EndGlobalSection
	GlobalSection(ProjectConfigurationPlatforms) = postSolution
		{5FF035DE-915C-4A76-896D-9B05B88BEC6A}.Debug|Any CPU.ActiveCfg = Debug|Any CPU
		{5FF035DE-915C-4A76-896D-9B05B88BEC6A}.Debug|Any CPU.Build.0 = Debug|Any CPU
		{5FF035DE-915C-4A76-896D-9B05B88BEC6A}.Release|Any CPU.ActiveCfg = Release|Any CPU
		{5FF035DE-915C-4A76-896D-9B05B88BEC6A}.Release|Any CPU.Build.0 = Release|Any CPU
		{06FDEB5F-2D31-4926-B32F-6E4C1C577EEB}.Debug|Any CPU.ActiveCfg = Debug|Any CPU
		{06FDEB5F-2D31-4926-B32F-6E4C1C577EEB}.Debug|Any CPU.Build.0 = Debug|Any CPU
		{06FDEB5F-2D31-4926-B32F-6E4C1C577EEB}.Release|Any CPU.ActiveCfg = Release|Any CPU
		{06FDEB5F-2D31-4926-B32F-6E4C1C577EEB}.Release|Any CPU.Build.0 = Release|Any CPU
	EndGlobalSection
	GlobalSection(SolutionProperties) = preSolution
		HideSolutionNode = FALSE
	EndGlobalSection
	GlobalSection(ExtensibilityGlobals) = postSolution
		SolutionGuid = {F3EF1534-CA46-47D3-A17E-43369EA52A5D}
	EndGlobalSection
EndGlobal
